
Microsoft Visual Studio Solution File, Format Version 12.00
# Visual Studio Version 17
VisualStudioVersion = 17.14.36603.0 d17.14
MinimumVisualStudioVersion = 10.0.40219.1
Project("{8BC9CEB8-8B4A-11D0-8D11-00A0C91BC942}") = "Problems #41 to #45 Solutions(44)", "Problems #41 to #45 Solutions(44)\Problems #41 to #45 Solutions(44).vcxproj", "{784E44A6-170D-42ED-93BB-A5AA3252055F}"
EndProject
Global
	GlobalSection(SolutionConfigurationPlatforms) = preSolution
		Debug|x64 = Debug|x64
		Debug|x86 = Debug|x86
		Release|x64 = Release|x64
		Release|x86 = Release|x86
	EndGlobalSection
	GlobalSection(ProjectConfigurationPlatforms) = postSolution
		{784E44A6-170D-42ED-93BB-A5AA3252055F}.Debug|x64.ActiveCfg = Debug|x64
		{784E44A6-170D-42ED-93BB-A5AA3252055F}.Debug|x64.Build.0 = Debug|x64
		{784E44A6-170D-42ED-93BB-A5AA3252055F}.Debug|x86.ActiveCfg = Debug|Win32
		{784E44A6-170D-42ED-93BB-A5AA3252055F}.Debug|x86.Build.0 = Debug|Win32
		{784E44A6-170D-42ED-93BB-A5AA3252055F}.Release|x64.ActiveCfg = Release|x64
		{784E44A6-170D-42ED-93BB-A5AA3252055F}.Release|x64.Build.0 = Release|x64
		{784E44A6-170D-42ED-93BB-A5AA3252055F}.Release|x86.ActiveCfg = Release|Win32
		{784E44A6-170D-42ED-93BB-A5AA3252055F}.Release|x86.Build.0 = Release|Win32
	EndGlobalSection
	GlobalSection(SolutionProperties) = preSolution
		HideSolutionNode = FALSE
	EndGlobalSection
	GlobalSection(ExtensibilityGlobals) = postSolution
		SolutionGuid = {96DC8D8E-8782-44D1-A340-891D82EB9361}
	EndGlobalSection
EndGlobal
