
Microsoft Visual Studio Solution File, Format Version 12.00
# Visual Studio Version 17
VisualStudioVersion = 17.14.36603.0 d17.14
MinimumVisualStudioVersion = 10.0.40219.1
Project("{8BC9CEB8-8B4A-11D0-8D11-00A0C91BC942}") = "Lesson #40 - Arrays with Functions", "Lesson #40 - Arrays with Functions\Lesson #40 - Arrays with Functions.vcxproj", "{5209305B-52B0-438C-A623-7BD3AA893F74}"
EndProject
Global
	GlobalSection(SolutionConfigurationPlatforms) = preSolution
		Debug|x64 = Debug|x64
		Debug|x86 = Debug|x86
		Release|x64 = Release|x64
		Release|x86 = Release|x86
	EndGlobalSection
	GlobalSection(ProjectConfigurationPlatforms) = postSolution
		{5209305B-52B0-438C-A623-7BD3AA893F74}.Debug|x64.ActiveCfg = Debug|x64
		{5209305B-52B0-438C-A623-7BD3AA893F74}.Debug|x64.Build.0 = Debug|x64
		{5209305B-52B0-438C-A623-7BD3AA893F74}.Debug|x86.ActiveCfg = Debug|Win32
		{5209305B-52B0-438C-A623-7BD3AA893F74}.Debug|x86.Build.0 = Debug|Win32
		{5209305B-52B0-438C-A623-7BD3AA893F74}.Release|x64.ActiveCfg = Release|x64
		{5209305B-52B0-438C-A623-7BD3AA893F74}.Release|x64.Build.0 = Release|x64
		{5209305B-52B0-438C-A623-7BD3AA893F74}.Release|x86.ActiveCfg = Release|Win32
		{5209305B-52B0-438C-A623-7BD3AA893F74}.Release|x86.Build.0 = Release|Win32
	EndGlobalSection
	GlobalSection(SolutionProperties) = preSolution
		HideSolutionNode = FALSE
	EndGlobalSection
	GlobalSection(ExtensibilityGlobals) = postSolution
		SolutionGuid = {65313E4E-7F14-46D8-8077-940AA01088C5}
	EndGlobalSection
EndGlobal
