
Microsoft Visual Studio Solution File, Format Version 12.00
# Visual Studio Version 17
VisualStudioVersion = 17.14.36603.0 d17.14
MinimumVisualStudioVersion = 10.0.40219.1
Project("{8BC9CEB8-8B4A-11D0-8D11-00A0C91BC942}") = "Problem #6 to #10 Solutions (8)", "Problem #6 to #10 Solutions (8)\Problem #6 to #10 Solutions (8).vcxproj", "{A4C05BBC-F485-4301-A150-F6B48D7BBE63}"
EndProject
Global
	GlobalSection(SolutionConfigurationPlatforms) = preSolution
		Debug|x64 = Debug|x64
		Debug|x86 = Debug|x86
		Release|x64 = Release|x64
		Release|x86 = Release|x86
	EndGlobalSection
	GlobalSection(ProjectConfigurationPlatforms) = postSolution
		{A4C05BBC-F485-4301-A150-F6B48D7BBE63}.Debug|x64.ActiveCfg = Debug|x64
		{A4C05BBC-F485-4301-A150-F6B48D7BBE63}.Debug|x64.Build.0 = Debug|x64
		{A4C05BBC-F485-4301-A150-F6B48D7BBE63}.Debug|x86.ActiveCfg = Debug|Win32
		{A4C05BBC-F485-4301-A150-F6B48D7BBE63}.Debug|x86.Build.0 = Debug|Win32
		{A4C05BBC-F485-4301-A150-F6B48D7BBE63}.Release|x64.ActiveCfg = Release|x64
		{A4C05BBC-F485-4301-A150-F6B48D7BBE63}.Release|x64.Build.0 = Release|x64
		{A4C05BBC-F485-4301-A150-F6B48D7BBE63}.Release|x86.ActiveCfg = Release|Win32
		{A4C05BBC-F485-4301-A150-F6B48D7BBE63}.Release|x86.Build.0 = Release|Win32
	EndGlobalSection
	GlobalSection(SolutionProperties) = preSolution
		HideSolutionNode = FALSE
	EndGlobalSection
	GlobalSection(ExtensibilityGlobals) = postSolution
		SolutionGuid = {563649AC-7D40-4D55-A3A1-F62082253AA1}
	EndGlobalSection
EndGlobal
