
Microsoft Visual Studio Solution File, Format Version 12.00
# Visual Studio Version 17
VisualStudioVersion = 17.14.36603.0 d17.14
MinimumVisualStudioVersion = 10.0.40219.1
Project("{8BC9CEB8-8B4A-11D0-8D11-00A0C91BC942}") = "Problem #19 - Circle Area Through Diameter", "Problem #19 - Circle Area Through Diameter\Problem #19 - Circle Area Through Diameter.vcxproj", "{85370278-F7DF-4E8A-9E9F-1246459F895A}"
EndProject
Global
	GlobalSection(SolutionConfigurationPlatforms) = preSolution
		Debug|x64 = Debug|x64
		Debug|x86 = Debug|x86
		Release|x64 = Release|x64
		Release|x86 = Release|x86
	EndGlobalSection
	GlobalSection(ProjectConfigurationPlatforms) = postSolution
		{85370278-F7DF-4E8A-9E9F-1246459F895A}.Debug|x64.ActiveCfg = Debug|x64
		{85370278-F7DF-4E8A-9E9F-1246459F895A}.Debug|x64.Build.0 = Debug|x64
		{85370278-F7DF-4E8A-9E9F-1246459F895A}.Debug|x86.ActiveCfg = Debug|Win32
		{85370278-F7DF-4E8A-9E9F-1246459F895A}.Debug|x86.Build.0 = Debug|Win32
		{85370278-F7DF-4E8A-9E9F-1246459F895A}.Release|x64.ActiveCfg = Release|x64
		{85370278-F7DF-4E8A-9E9F-1246459F895A}.Release|x64.Build.0 = Release|x64
		{85370278-F7DF-4E8A-9E9F-1246459F895A}.Release|x86.ActiveCfg = Release|Win32
		{85370278-F7DF-4E8A-9E9F-1246459F895A}.Release|x86.Build.0 = Release|Win32
	EndGlobalSection
	GlobalSection(SolutionProperties) = preSolution
		HideSolutionNode = FALSE
	EndGlobalSection
	GlobalSection(ExtensibilityGlobals) = postSolution
		SolutionGuid = {1F508997-8677-43D3-9B7E-9B7687036A99}
	EndGlobalSection
EndGlobal
